
Microsoft Visual Studio Solution File, Format Version 12.00
# Visual Studio Version 16
VisualStudioVersion = 16.0.30523.141
MinimumVisualStudioVersion = 10.0.40219.1
Project("{9A19103F-16F7-4668-BE54-9A1E7A4F7556}") = "AOSNice", "AOSNice.csproj", "{480220D6-72A3-46CC-9490-13A8B0A2188D}"
EndProject
Project("{FAE04EC0-301F-11D3-BF4B-00C04F79EFBC}") = "AOSNice.Tests", "..\AOSNice.Tests\AOSNice.Tests.csproj", "{DE72B939-7552-45B7-A300-53355737F5F9}"
EndProject
Project("{FAE04EC0-301F-11D3-BF4B-00C04F79EFBC}") = "AOSNice.Shared", "..\AOSNice.Shared\AOSNice.Shared.csproj", "{ED1AC35D-07CF-4A03-9E90-5ACB55CD5F59}"
EndProject
Global
	GlobalSection(SolutionConfigurationPlatforms) = preSolution
		Debug|Any CPU = Debug|Any CPU
		Release|Any CPU = Release|Any CPU
	EndGlobalSection
	GlobalSection(ProjectConfigurationPlatforms) = postSolution
		{480220D6-72A3-46CC-9490-13A8B0A2188D}.Debug|Any CPU.ActiveCfg = Debug|Any CPU
		{480220D6-72A3-46CC-9490-13A8B0A2188D}.Debug|Any CPU.Build.0 = Debug|Any CPU
		{480220D6-72A3-46CC-9490-13A8B0A2188D}.Release|Any CPU.ActiveCfg = Release|Any CPU
		{480220D6-72A3-46CC-9490-13A8B0A2188D}.Release|Any CPU.Build.0 = Release|Any CPU
		{DE72B939-7552-45B7-A300-53355737F5F9}.Debug|Any CPU.ActiveCfg = Debug|Any CPU
		{DE72B939-7552-45B7-A300-53355737F5F9}.Debug|Any CPU.Build.0 = Debug|Any CPU
		{DE72B939-7552-45B7-A300-53355737F5F9}.Release|Any CPU.ActiveCfg = Release|Any CPU
		{DE72B939-7552-45B7-A300-53355737F5F9}.Release|Any CPU.Build.0 = Release|Any CPU
		{ED1AC35D-07CF-4A03-9E90-5ACB55CD5F59}.Debug|Any CPU.ActiveCfg = Debug|Any CPU
		{ED1AC35D-07CF-4A03-9E90-5ACB55CD5F59}.Debug|Any CPU.Build.0 = Debug|Any CPU
		{ED1AC35D-07CF-4A03-9E90-5ACB55CD5F59}.Release|Any CPU.ActiveCfg = Release|Any CPU
		{ED1AC35D-07CF-4A03-9E90-5ACB55CD5F59}.Release|Any CPU.Build.0 = Release|Any CPU
	EndGlobalSection
	GlobalSection(SolutionProperties) = preSolution
		HideSolutionNode = FALSE
	EndGlobalSection
	GlobalSection(ExtensibilityGlobals) = postSolution
		SolutionGuid = {C6A3D937-7884-44B5-88C9-2CE344C0D814}
	EndGlobalSection
EndGlobal
